
Microsoft Visual Studio Solution File, Format Version 11.00
# Visual Studio 2010
Project("{F184B08F-C81C-45F6-A57F-5ABD9991F28F}") = "GradeComputation", "GradeComputation\GradeComputation.vbproj", "{F3A4FA73-644C-4F65-8186-06858547BE7E}"
EndProject
Global
	GlobalSection(SolutionConfigurationPlatforms) = preSolution
		Debug|x86 = Debug|x86
		Release|x86 = Release|x86
	EndGlobalSection
	GlobalSection(ProjectConfigurationPlatforms) = postSolution
		{F3A4FA73-644C-4F65-8186-06858547BE7E}.Debug|x86.ActiveCfg = Debug|x86
		{F3A4FA73-644C-4F65-8186-06858547BE7E}.Debug|x86.Build.0 = Debug|x86
		{F3A4FA73-644C-4F65-8186-06858547BE7E}.Release|x86.ActiveCfg = Release|x86
		{F3A4FA73-644C-4F65-8186-06858547BE7E}.Release|x86.Build.0 = Release|x86
	EndGlobalSection
	GlobalSection(SolutionProperties) = preSolution
		HideSolutionNode = FALSE
	EndGlobalSection
EndGlobal
